
Microsoft Visual Studio Solution File, Format Version 12.00
# Visual Studio 15
VisualStudioVersion = 15.0.27703.2035
MinimumVisualStudioVersion = 10.0.40219.1
Project("{FAE04EC0-301F-11D3-BF4B-00C04F79EFBC}") = "Rx1", "Rx1.csproj", "{079B84D1-8C23-4494-8B0B-279C33765122}"
EndProject
Global
	GlobalSection(SolutionConfigurationPlatforms) = preSolution
		Debug|Any CPU = Debug|Any CPU
		Release|Any CPU = Release|Any CPU
	EndGlobalSection
	GlobalSection(ProjectConfigurationPlatforms) = postSolution
		{079B84D1-8C23-4494-8B0B-279C33765122}.Debug|Any CPU.ActiveCfg = Debug|Any CPU
		{079B84D1-8C23-4494-8B0B-279C33765122}.Debug|Any CPU.Build.0 = Debug|Any CPU
		{079B84D1-8C23-4494-8B0B-279C33765122}.Release|Any CPU.ActiveCfg = Release|Any CPU
		{079B84D1-8C23-4494-8B0B-279C33765122}.Release|Any CPU.Build.0 = Release|Any CPU
	EndGlobalSection
	GlobalSection(SolutionProperties) = preSolution
		HideSolutionNode = FALSE
	EndGlobalSection
	GlobalSection(ExtensibilityGlobals) = postSolution
		SolutionGuid = {BAA784A8-F867-4F97-9D87-6CD595AC157B}
	EndGlobalSection
EndGlobal
