
Microsoft Visual Studio Solution File, Format Version 12.00
# Visual Studio 15
VisualStudioVersion = 15.0.27703.2035
MinimumVisualStudioVersion = 10.0.40219.1
Project("{FAE04EC0-301F-11D3-BF4B-00C04F79EFBC}") = "SERVERS", "NetworkPrograming\SERVERS.csproj", "{C9806401-B07D-4959-B1D1-6921D1C97BF6}"
EndProject
Project("{FAE04EC0-301F-11D3-BF4B-00C04F79EFBC}") = "CLIENTS", "Client1\CLIENTS.csproj", "{0EEF026E-6878-4837-9040-CB307655F924}"
EndProject
Global
	GlobalSection(SolutionConfigurationPlatforms) = preSolution
		Debug|Any CPU = Debug|Any CPU
		Release|Any CPU = Release|Any CPU
	EndGlobalSection
	GlobalSection(ProjectConfigurationPlatforms) = postSolution
		{C9806401-B07D-4959-B1D1-6921D1C97BF6}.Debug|Any CPU.ActiveCfg = Debug|Any CPU
		{C9806401-B07D-4959-B1D1-6921D1C97BF6}.Debug|Any CPU.Build.0 = Debug|Any CPU
		{C9806401-B07D-4959-B1D1-6921D1C97BF6}.Release|Any CPU.ActiveCfg = Release|Any CPU
		{C9806401-B07D-4959-B1D1-6921D1C97BF6}.Release|Any CPU.Build.0 = Release|Any CPU
		{0EEF026E-6878-4837-9040-CB307655F924}.Debug|Any CPU.ActiveCfg = Debug|Any CPU
		{0EEF026E-6878-4837-9040-CB307655F924}.Debug|Any CPU.Build.0 = Debug|Any CPU
		{0EEF026E-6878-4837-9040-CB307655F924}.Release|Any CPU.ActiveCfg = Release|Any CPU
		{0EEF026E-6878-4837-9040-CB307655F924}.Release|Any CPU.Build.0 = Release|Any CPU
	EndGlobalSection
	GlobalSection(SolutionProperties) = preSolution
		HideSolutionNode = FALSE
	EndGlobalSection
	GlobalSection(ExtensibilityGlobals) = postSolution
		SolutionGuid = {A2FFFB6D-D3BB-4445-B5CD-0AA02EB5ED68}
	EndGlobalSection
EndGlobal
